<?xml version="1.0" encoding="utf-8"?>
<Project ToolsVersion="4.0" xmlns="http://schemas.microsoft.com/developer/msbuild/2003">
  <ItemGroup>
    <Filter Include="Quelldateien">
      <UniqueIdentifier>{4FC737F1-C7A5-4376-A066-2A32D752A2FF}</UniqueIdentifier>
      <Extensions>cpp;c;cc;cxx;def;odl;idl;hpj;bat;asm;asmx</Extensions>
    </Filter>
    <Filter Include="Headerdateien">
      <UniqueIdentifier>{93995380-89BD-4b04-88EB-625FBE52EBFB}</UniqueIdentifier>
      <Extensions>h;hh;hpp;hxx;hm;inl;inc;ipp;xsd</Extensions>
    </Filter>
    <Filter Include="Ressourcendateien">
      <UniqueIdentifier>{67DA6AB6-F800-4c08-8B7A-83BB121AAD01}</UniqueIdentifier>
      <Extensions>rc;ico;cur;bmp;dlg;rc2;rct;bin;rgs;gif;jpg;jpeg;jpe;resx;tiff;tif;png;wav;mfcribbon-ms</Extensions>
    </Filter>
  </ItemGroup>
  <ItemGroup>
    <ClCompile Include="SDL_Helper.cpp">
      <Filter>Quelldateien</Filter>
    </ClCompile>
    <ClCompile Include="SDL_Application.cpp">
      <Filter>Quelldateien</Filter>
    </ClCompile>
    <ClCompile Include="Main.cpp">
      <Filter>Quelldateien</Filter>
    </ClCompile>
    <ClCompile Include="LedColor.cpp">
      <Filter>Quelldateien</Filter>
    </ClCompile>
    <ClCompile Include="LedColors.cpp">
      <Filter>Quelldateien</Filter>
    </ClCompile>
    <ClCompile Include="LedTexture.cpp">
      <Filter>Quelldateien</Filter>
    </ClCompile>
    <ClCompile Include="TextRendererAbstractBase.cpp">
      <Filter>Quelldateien</Filter>
    </ClCompile>
    <ClCompile Include="TextRendererFixedSize.cpp">
      <Filter>Quelldateien</Filter>
    </ClCompile>
    <ClCompile Include="TextRendererProportionalText.cpp">
      <Filter>Quelldateien</Filter>
    </ClCompile>
    <ClCompile Include="CQueueDynGeneric.cpp">
      <Filter>Quelldateien</Filter>
    </ClCompile>
    <ClCompile Include="LedAnimation.cpp">
      <Filter>Quelldateien</Filter>
    </ClCompile>
    <ClCompile Include="Tiles.cpp">
      <Filter>Quelldateien</Filter>
    </ClCompile>
    <ClCompile Include="TileFactory.cpp">
      <Filter>Quelldateien</Filter>
    </ClCompile>
    <ClCompile Include="TileMap.cpp">
      <Filter>Quelldateien</Filter>
    </ClCompile>
    <ClCompile Include="Actor.cpp">
      <Filter>Quelldateien</Filter>
    </ClCompile>
    <ClCompile Include="TilePos.cpp">
      <Filter>Quelldateien</Filter>
    </ClCompile>
    <ClCompile Include="PacManGame.cpp">
      <Filter>Quelldateien</Filter>
    </ClCompile>
    <ClCompile Include="SDL_SoundSample.cpp">
      <Filter>Quelldateien</Filter>
    </ClCompile>
    <ClCompile Include="GameRun.cpp">
      <Filter>Quelldateien</Filter>
    </ClCompile>
    <ClCompile Include="SpawnedItem.cpp">
      <Filter>Quelldateien</Filter>
    </ClCompile>
    <ClCompile Include="LevelInit.cpp">
      <Filter>Quelldateien</Filter>
    </ClCompile>
    <ClCompile Include="GameBase.cpp">
      <Filter>Quelldateien</Filter>
    </ClCompile>
    <ClCompile Include="GameEnvironment.cpp">
      <Filter>Quelldateien</Filter>
    </ClCompile>
    <ClCompile Include="IntroGame.cpp">
      <Filter>Quelldateien</Filter>
    </ClCompile>
    <ClCompile Include="MenuGame.cpp">
      <Filter>Quelldateien</Filter>
    </ClCompile>
    <ClCompile Include="HighScoreGame.cpp">
      <Filter>Quelldateien</Filter>
    </ClCompile>
  </ItemGroup>
  <ItemGroup>
    <ClInclude Include="SDL_Helper.h">
      <Filter>Headerdateien</Filter>
    </ClInclude>
    <ClInclude Include="SDL_Application.h">
      <Filter>Headerdateien</Filter>
    </ClInclude>
    <ClInclude Include="LedColor.h">
      <Filter>Headerdateien</Filter>
    </ClInclude>
    <ClInclude Include="LedColors.h">
      <Filter>Headerdateien</Filter>
    </ClInclude>
    <ClInclude Include="LedTexture.h">
      <Filter>Headerdateien</Filter>
    </ClInclude>
    <ClInclude Include="TextRendererAbstractBase.h">
      <Filter>Headerdateien</Filter>
    </ClInclude>
    <ClInclude Include="TextRendererFixedSize.h">
      <Filter>Headerdateien</Filter>
    </ClInclude>
    <ClInclude Include="TextRendererProportionalText.h">
      <Filter>Headerdateien</Filter>
    </ClInclude>
    <ClInclude Include="basic.h">
      <Filter>Headerdateien</Filter>
    </ClInclude>
    <ClInclude Include="CQueueDynGeneric.h">
      <Filter>Headerdateien</Filter>
    </ClInclude>
    <ClInclude Include="LedAnimation.h">
      <Filter>Headerdateien</Filter>
    </ClInclude>
    <ClInclude Include="Tiles.h">
      <Filter>Headerdateien</Filter>
    </ClInclude>
    <ClInclude Include="TileFactory.h">
      <Filter>Headerdateien</Filter>
    </ClInclude>
    <ClInclude Include="TileMap.h">
      <Filter>Headerdateien</Filter>
    </ClInclude>
    <ClInclude Include="Actor.h">
      <Filter>Headerdateien</Filter>
    </ClInclude>
    <ClInclude Include="VectorArith.h">
      <Filter>Headerdateien</Filter>
    </ClInclude>
    <ClInclude Include="PacManGame.h">
      <Filter>Headerdateien</Filter>
    </ClInclude>
    <ClInclude Include="SDL_SoundSample.h">
      <Filter>Headerdateien</Filter>
    </ClInclude>
    <ClInclude Include="GameRun.h">
      <Filter>Headerdateien</Filter>
    </ClInclude>
    <ClInclude Include="SpawnedItem.h">
      <Filter>Headerdateien</Filter>
    </ClInclude>
    <ClInclude Include="GameConst.h">
      <Filter>Headerdateien</Filter>
    </ClInclude>
    <ClInclude Include="LevelInit.h">
      <Filter>Headerdateien</Filter>
    </ClInclude>
    <ClInclude Include="GameBase.h">
      <Filter>Headerdateien</Filter>
    </ClInclude>
    <ClInclude Include="GameEnvironment.h">
      <Filter>Headerdateien</Filter>
    </ClInclude>
    <ClInclude Include="IntroGame.h">
      <Filter>Headerdateien</Filter>
    </ClInclude>
    <ClInclude Include="MenuGame.h">
      <Filter>Headerdateien</Filter>
    </ClInclude>
    <ClInclude Include="HighScoreGame.h">
      <Filter>Headerdateien</Filter>
    </ClInclude>
  </ItemGroup>
</Project>